
Microsoft Visual Studio Solution File, Format Version 12.00
# Visual Studio Version 16
VisualStudioVersion = 16.0.31205.134
MinimumVisualStudioVersion = 10.0.40219.1
Project("{FAE04EC0-301F-11D3-BF4B-00C04F79EFBC}") = "Lambda Main", "Lambda Main.csproj", "{F39D5E4C-9E04-460D-9A6F-0029F8B0AF18}"
EndProject
Global
	GlobalSection(SolutionConfigurationPlatforms) = preSolution
		Debug|Any CPU = Debug|Any CPU
		Release|Any CPU = Release|Any CPU
	EndGlobalSection
	GlobalSection(ProjectConfigurationPlatforms) = postSolution
		{F39D5E4C-9E04-460D-9A6F-0029F8B0AF18}.Debug|Any CPU.ActiveCfg = Debug|Any CPU
		{F39D5E4C-9E04-460D-9A6F-0029F8B0AF18}.Debug|Any CPU.Build.0 = Debug|Any CPU
		{F39D5E4C-9E04-460D-9A6F-0029F8B0AF18}.Release|Any CPU.ActiveCfg = Release|Any CPU
		{F39D5E4C-9E04-460D-9A6F-0029F8B0AF18}.Release|Any CPU.Build.0 = Release|Any CPU
	EndGlobalSection
	GlobalSection(SolutionProperties) = preSolution
		HideSolutionNode = FALSE
	EndGlobalSection
	GlobalSection(ExtensibilityGlobals) = postSolution
		SolutionGuid = {27918742-FEA3-4EF8-9AD3-400CC12E78C9}
	EndGlobalSection
EndGlobal
