
Microsoft Visual Studio Solution File, Format Version 12.00
# Visual Studio Version 16
VisualStudioVersion = 16.0.31205.134
MinimumVisualStudioVersion = 10.0.40219.1
Project("{FAE04EC0-301F-11D3-BF4B-00C04F79EFBC}") = "Lambda Expressions", "Lambda Expressions.csproj", "{8A3D9C5A-10C4-4832-B5AD-4659ACA8CC8D}"
EndProject
Global
	GlobalSection(SolutionConfigurationPlatforms) = preSolution
		Debug|Any CPU = Debug|Any CPU
		Release|Any CPU = Release|Any CPU
	EndGlobalSection
	GlobalSection(ProjectConfigurationPlatforms) = postSolution
		{8A3D9C5A-10C4-4832-B5AD-4659ACA8CC8D}.Debug|Any CPU.ActiveCfg = Debug|Any CPU
		{8A3D9C5A-10C4-4832-B5AD-4659ACA8CC8D}.Debug|Any CPU.Build.0 = Debug|Any CPU
		{8A3D9C5A-10C4-4832-B5AD-4659ACA8CC8D}.Release|Any CPU.ActiveCfg = Release|Any CPU
		{8A3D9C5A-10C4-4832-B5AD-4659ACA8CC8D}.Release|Any CPU.Build.0 = Release|Any CPU
	EndGlobalSection
	GlobalSection(SolutionProperties) = preSolution
		HideSolutionNode = FALSE
	EndGlobalSection
	GlobalSection(ExtensibilityGlobals) = postSolution
		SolutionGuid = {60C63314-5580-402D-ADA1-D894A7DE7E1D}
	EndGlobalSection
EndGlobal
